
Microsoft Visual Studio Solution File, Format Version 12.00
# Visual Studio Version 16
VisualStudioVersion = 16.0.31911.196
MinimumVisualStudioVersion = 10.0.40219.1
Project("{FAE04EC0-301F-11D3-BF4B-00C04F79EFBC}") = "basicProgramming", "basicProgramming\basicProgramming.csproj", "{3DEE6FA5-56EB-4FCF-895F-4ADDDE784E2F}"
EndProject
Global
	GlobalSection(SolutionConfigurationPlatforms) = preSolution
		Debug|Any CPU = Debug|Any CPU
		Release|Any CPU = Release|Any CPU
	EndGlobalSection
	GlobalSection(ProjectConfigurationPlatforms) = postSolution
		{3DEE6FA5-56EB-4FCF-895F-4ADDDE784E2F}.Debug|Any CPU.ActiveCfg = Debug|Any CPU
		{3DEE6FA5-56EB-4FCF-895F-4ADDDE784E2F}.Debug|Any CPU.Build.0 = Debug|Any CPU
		{3DEE6FA5-56EB-4FCF-895F-4ADDDE784E2F}.Release|Any CPU.ActiveCfg = Release|Any CPU
		{3DEE6FA5-56EB-4FCF-895F-4ADDDE784E2F}.Release|Any CPU.Build.0 = Release|Any CPU
	EndGlobalSection
	GlobalSection(SolutionProperties) = preSolution
		HideSolutionNode = FALSE
	EndGlobalSection
	GlobalSection(ExtensibilityGlobals) = postSolution
		SolutionGuid = {27965D33-EECD-480C-A4EA-E28076C1FDB7}
	EndGlobalSection
EndGlobal
